// !$*UTF8*$!
{
	archiveVersion = 1;
	classes = {
	};
	objectVersion = 50;
	objects = {

/* Begin PBXBuildFile section */
		2EDC3CA223DAC29D003F506C /* AppDelegate.swift in Sources */ = {isa = PBXBuildFile; fileRef = 2EDC3CA123DAC29D003F506C /* AppDelegate.swift */; };
		2EDC3CA423DAC29D003F506C /* SceneDelegate.swift in Sources */ = {isa = PBXBuildFile; fileRef = 2EDC3CA323DAC29D003F506C /* SceneDelegate.swift */; };
		2EDC3CA623DAC29D003F506C /* ContentView.swift in Sources */ = {isa = PBXBuildFile; fileRef = 2EDC3CA523DAC29D003F506C /* ContentView.swift */; };
		2EDC3CA823DAC2A0003F506C /* Assets.xcassets in Resources */ = {isa = PBXBuildFile; fileRef = 2EDC3CA723DAC2A0003F506C /* Assets.xcassets */; };
		2EDC3CAB23DAC2A0003F506C /* Preview Assets.xcassets in Resources */ = {isa = PBXBuildFile; fileRef = 2EDC3CAA23DAC2A0003F506C /* Preview Assets.xcassets */; };
		2EDC3CAE23DAC2A0003F506C /* LaunchScreen.storyboard in Resources */ = {isa = PBXBuildFile; fileRef = 2EDC3CAC23DAC2A0003F506C /* LaunchScreen.storyboard */; };
/* End PBXBuildFile section */

/* Begin PBXFileReference section */
		2EDC3C9E23DAC29D003F506C /* TheView.app */ = {isa = PBXFileReference; explicitFileType = wrapper.application; includeInIndex = 0; path = TheView.app; sourceTree = BUILT_PRODUCTS_DIR; };
		2EDC3CA123DAC29D003F506C /* AppDelegate.swift */ = {isa = PBXFileReference; lastKnownFileType = sourcecode.swift; path = AppDelegate.swift; sourceTree = "<group>"; };
		2EDC3CA323DAC29D003F506C /* SceneDelegate.swift */ = {isa = PBXFileReference; lastKnownFileType = sourcecode.swift; path = SceneDelegate.swift; sourceTree = "<group>"; };
		2EDC3CA523DAC29D003F506C /* ContentView.swift */ = {isa = PBXFileReference; lastKnownFileType = sourcecode.swift; path = ContentView.swift; sourceTree = "<group>"; };
		2EDC3CA723DAC2A0003F506C /* Assets.xcassets */ = {isa = PBXFileReference; lastKnownFileType = folder.assetcatalog; path = Assets.xcassets; sourceTree = "<group>"; };
		2EDC3CAA23DAC2A0003F506C /* Preview Assets.xcassets */ = {isa = PBXFileReference; lastKnownFileType = folder.assetcatalog; path = "Preview Assets.xcassets"; sourceTree = "<group>"; };
		2EDC3CAD23DAC2A0003F506C /* Base */ = {isa = PBXFileReference; lastKnownFileType = file.storyboard; name = Base; path = Base.lproj/LaunchScreen.storyboard; sourceTree = "<group>"; };
		2EDC3CAF23DAC2A0003F506C /* Info.plist */ = {isa = PBXFileReference; lastKnownFileType = text.plist.xml; path = Info.plist; sourceTree = "<group>"; };
/* End PBXFileReference section */

/* Begin PBXFrameworksBuildPhase section */
		2EDC3C9B23DAC29D003F506C /* Frameworks */ = {
			isa = PBXFrameworksBuildPhase;
			buildActionMask = 2147483647;
			files = (
			);
			runOnlyForDeploymentPostprocessing = 0;
		};
/* End PBXFrameworksBuildPhase section */

/* Begin PBXGroup section */
		2EDC3C9523DAC29C003F506C = {
			isa = PBXGroup;
			children = (
				2EDC3CA023DAC29D003F506C /* TheView */,
				2EDC3C9F23DAC29D003F506C /* Products */,
			);
			sourceTree = "<group>";
		};
		2EDC3C9F23DAC29D003F506C /* Products */ = {
			isa = PBXGroup;
			children = (
				2EDC3C9E23DAC29D003F506C /* TheView.app */,
			);
			name = Products;
			sourceTree = "<group>";
		};
		2EDC3CA023DAC29D003F506C /* TheView */ = {
			isa = PBXGroup;
			children = (
				2EDC3CA123DAC29D003F506C /* AppDelegate.swift */,
				2EDC3CA323DAC29D003F506C /* SceneDelegate.swift */,
				2EDC3CA523DAC29D003F506C /* ContentView.swift */,
				2EDC3CA723DAC2A0003F506C /* Assets.xcassets */,
				2EDC3CAC23DAC2A0003F506C /* LaunchScreen.storyboard */,
				2EDC3CAF23DAC2A0003F506C /* Info.plist */,
				2EDC3CA923DAC2A0003F506C /* Preview Content */,
			);
			path = TheView;
			sourceTree = "<group>";
		};
		2EDC3CA923DAC2A0003F506C /* Preview Content */ = {
			isa = PBXGroup;
			children = (
				2EDC3CAA23DAC2A0003F506C /* Preview Assets.xcassets */,
			);
			path = "Preview Content";
			sourceTree = "<group>";
		};
/* End PBXGroup section */

/* Begin PBXNativeTarget section */
		2EDC3C9D23DAC29D003F506C /* TheView */ = {
			isa = PBXNativeTarget;
			buildConfigurationList = 2EDC3CB223DAC2A0003F506C /* Build configuration list for PBXNativeTarget "TheView" */;
			buildPhases = (
				2EDC3C9A23DAC29D003F506C /* Sources */,
				2EDC3C9B23DAC29D003F506C /* Frameworks */,
				2EDC3C9C23DAC29D003F506C /* Resources */,
			);
			buildRules = (
			);
			dependencies = (
			);
			name = TheView;
			productName = TheView;
			productReference = 2EDC3C9E23DAC29D003F506C /* TheView.app */;
			productType = "com.apple.product-type.application";
		};
/* End PBXNativeTarget section */

/* Begin PBXProject section */
		2EDC3C9623DAC29C003F506C /* Project object */ = {
			isa = PBXProject;
			attributes = {
				LastSwiftUpdateCheck = 1130;
				LastUpgradeCheck = 1130;
				ORGANIZATIONNAME = "Akruti Panchal";
				TargetAttributes = {
					2EDC3C9D23DAC29D003F506C = {
						CreatedOnToolsVersion = 11.3;
					};
				};
			};
			buildConfigurationList = 2EDC3C9923DAC29C003F506C /* Build configuration list for PBXProject "TheView" */;
			compatibilityVersion = "Xcode 9.3";
			developmentRegion = en;
			hasScannedForEncodings = 0;
			knownRegions = (
				en,
				Base,
			);
			mainGroup = 2EDC3C9523DAC29C003F506C;
			productRefGroup = 2EDC3C9F23DAC29D003F506C /* Products */;
			projectDirPath = "";
			projectRoot = "";
			targets = (
				2EDC3C9D23DAC29D003F506C /* TheView */,
			);
		};
/* End PBXProject section */

/* Begin PBXResourcesBuildPhase section */
		2EDC3C9C23DAC29D003F506C /* Resources */ = {
			isa = PBXResourcesBuildPhase;
			buildActionMask = 2147483647;
			files = (
				2EDC3CAE23DAC2A0003F506C /* LaunchScreen.storyboard in Resources */,
				2EDC3CAB23DAC2A0003F506C /* Preview Assets.xcassets in Resources */,
				2EDC3CA823DAC2A0003F506C /* Assets.xcassets in Resources */,
			);
			runOnlyForDeploymentPostprocessing = 0;
		};
/* End PBXResourcesBuildPhase section */

/* Begin PBXSourcesBuildPhase section */
		2EDC3C9A23DAC29D003F506C /* Sources */ = {
			isa = PBXSourcesBuildPhase;
			buildActionMask = 2147483647;
			files = (
				2EDC3CA223DAC29D003F506C /* AppDelegate.swift in Sources */,
				2EDC3CA423DAC29D003F506C /* SceneDelegate.swift in Sources */,
				2EDC3CA623DAC29D003F506C /* ContentView.swift in Sources */,
			);
			runOnlyForDeploymentPostprocessing = 0;
		};
/* End PBXSourcesBuildPhase section */

/* Begin PBXVariantGroup section */
		2EDC3CAC23DAC2A0003F506C /* LaunchScreen.storyboard */ = {
			isa = PBXVariantGroup;
			children = (
				2EDC3CAD23DAC2A0003F506C /* Base */,
			);
			name = LaunchScreen.storyboard;
			sourceTree = "<group>";
		};
/* End PBXVariantGroup section */

/* Begin XCBuildConfiguration section */
		2EDC3CB023DAC2A0003F506C /* Debug */ = {
			isa = XCBuildConfiguration;
			buildSettings = {
				ALWAYS_SEARCH_USER_PATHS = NO;
				CLANG_ANALYZER_NONNULL = YES;
				CLANG_ANALYZER_NUMBER_OBJECT_CONVERSION = YES_AGGRESSIVE;
				CLANG_CXX_LANGUAGE_STANDARD = "gnu++14";
				CLANG_CXX_LIBRARY = "libc++";
				CLANG_ENABLE_MODULES = YES;
				CLANG_ENABLE_OBJC_ARC = YES;
				CLANG_ENABLE_OBJC_WEAK = YES;
				CLANG_WARN_BLOCK_CAPTURE_AUTORELEASING = YES;
				CLANG_WARN_BOOL_CONVERSION = YES;
				CLANG_WARN_COMMA = YES;
				CLANG_WARN_CONSTANT_CONVERSION = YES;
				CLANG_WARN_DEPRECATED_OBJC_IMPLEMENTATIONS = YES;
				CLANG_WARN_DIRECT_OBJC_ISA_USAGE = YES_ERROR;
				CLANG_WARN_DOCUMENTATION_COMMENTS = YES;
				CLANG_WARN_EMPTY_BODY = YES;
				CLANG_WARN_ENUM_CONVERSION = YES;
				CLANG_WARN_INFINITE_RECURSION = YES;
				CLANG_WARN_INT_CONVERSION = YES;
				CLANG_WARN_NON_LITERAL_NULL_CONVERSION = YES;
				CLANG_WARN_OBJC_IMPLICIT_RETAIN_SELF = YES;
				CLANG_WARN_OBJC_LITERAL_CONVERSION = YES;
				CLANG_WARN_OBJC_ROOT_CLASS = YES_ERROR;
				CLANG_WARN_RANGE_LOOP_ANALYSIS = YES;
				CLANG_WARN_STRICT_PROTOTYPES = YES;
				CLANG_WARN_SUSPICIOUS_MOVE = YES;
				CLANG_WARN_UNGUARDED_AVAILABILITY = YES_AGGRESSIVE;
				CLANG_WARN_UNREACHABLE_CODE = YES;
				CLANG_WARN__DUPLICATE_METHOD_MATCH = YES;
				COPY_PHASE_STRIP = NO;
				DEBUG_INFORMATION_FORMAT = dwarf;
				ENABLE_STRICT_OBJC_MSGSEND = YES;
				ENABLE_TESTABILITY = YES;
				GCC_C_LANGUAGE_STANDARD = gnu11;
				GCC_DYNAMIC_NO_PIC = NO;
				GCC_NO_COMMON_BLOCKS = YES;
				GCC_OPTIMIZATION_LEVEL = 0;
				GCC_PREPROCESSOR_DEFINITIONS = (
					"DEBUG=1",
					"$(inherited)",
				);
				GCC_WARN_64_TO_32_BIT_CONVERSION = YES;
				GCC_WARN_ABOUT_RETURN_TYPE = YES_ERROR;
				GCC_WARN_UNDECLARED_SELECTOR = YES;
				GCC_WARN_UNINITIALIZED_AUTOS = YES_AGGRESSIVE;
				GCC_WARN_UNUSED_FUNCTION = YES;
				GCC_WARN_UNUSED_VARIABLE = YES;
				IPHONEOS_DEPLOYMENT_TARGET = 13.2;
				MTL_ENABLE_DEBUG_INFO = INCLUDE_SOURCE;
				MTL_FAST_MATH = YES;
				ONLY_ACTIVE_ARCH = YES;
				SDKROOT = iphoneos;
				SWIFT_ACTIVE_COMPILATION_CONDITIONS = DEBUG;
				SWIFT_OPTIMIZATION_LEVEL = "-Onone";
			};
			name = Debug;
		};
		2EDC3CB123DAC2A0003F506C /* Release */ = {
			isa = XCBuildConfiguration;
			buildSettings = {
				ALWAYS_SEARCH_USER_PATHS = NO;
				CLANG_ANALYZER_NONNULL = YES;
				CLANG_ANALYZER_NUMBER_OBJECT_CONVERSION = YES_AGGRESSIVE;
				CLANG_CXX_LANGUAGE_STANDARD = "gnu++14";
				CLANG_CXX_LIBRARY = "libc++";
				CLANG_ENABLE_MODULES = YES;
				CLANG_ENABLE_OBJC_ARC = YES;
				CLANG_ENABLE_OBJC_WEAK = YES;
				CLANG_WARN_BLOCK_CAPTURE_AUTORELEASING = YES;
				CLANG_WARN_BOOL_CONVERSION = YES;
				CLANG_WARN_COMMA = YES;
				CLANG_WARN_CONSTANT_CONVERSION = YES;
				CLANG_WARN_DEPRECATED_OBJC_IMPLEMENTATIONS = YES;
				CLANG_WARN_DIRECT_OBJC_ISA_USAGE = YES_ERROR;
				CLANG_WARN_DOCUMENTATION_COMMENTS = YES;
				CLANG_WARN_EMPTY_BODY = YES;
				CLANG_WARN_ENUM_CONVERSION = YES;
				CLANG_WARN_INFINITE_RECURSION = YES;
				CLANG_WARN_INT_CONVERSION = YES;
				CLANG_WARN_NON_LITERAL_NULL_CONVERSION = YES;
				CLANG_WARN_OBJC_IMPLICIT_RETAIN_SELF = YES;
				CLANG_WARN_OBJC_LITERAL_CONVERSION = YES;
				CLANG_WARN_OBJC_ROOT_CLASS = YES_ERROR;
				CLANG_WARN_RANGE_LOOP_ANALYSIS = YES;
				CLANG_WARN_STRICT_PROTOTYPES = YES;
				CLANG_WARN_SUSPICIOUS_MOVE = YES;
				CLANG_WARN_UNGUARDED_AVAILABILITY = YES_AGGRESSIVE;
				CLANG_WARN_UNREACHABLE_CODE = YES;
				CLANG_WARN__DUPLICATE_METHOD_MATCH = YES;
				COPY_PHASE_STRIP = NO;
				DEBUG_INFORMATION_FORMAT = "dwarf-with-dsym";
				ENABLE_NS_ASSERTIONS = NO;
				ENABLE_STRICT_OBJC_MSGSEND = YES;
				GCC_C_LANGUAGE_STANDARD = gnu11;
				GCC_NO_COMMON_BLOCKS = YES;
				GCC_WARN_64_TO_32_BIT_CONVERSION = YES;
				GCC_WARN_ABOUT_RETURN_TYPE = YES_ERROR;
				GCC_WARN_UNDECLARED_SELECTOR = YES;
				GCC_WARN_UNINITIALIZED_AUTOS = YES_AGGRESSIVE;
				GCC_WARN_UNUSED_FUNCTION = YES;
				GCC_WARN_UNUSED_VARIABLE = YES;
				IPHONEOS_DEPLOYMENT_TARGET = 13.2;
				MTL_ENABLE_DEBUG_INFO = NO;
				MTL_FAST_MATH = YES;
				SDKROOT = iphoneos;
				SWIFT_COMPILATION_MODE = wholemodule;
				SWIFT_OPTIMIZATION_LEVEL = "-O";
				VALIDATE_PRODUCT = YES;
			};
			name = Release;
		};
		2EDC3CB323DAC2A0003F506C /* Debug */ = {
			isa = XCBuildConfiguration;
			buildSettings = {
				ASSETCATALOG_COMPILER_APPICON_NAME = AppIcon;
				CODE_SIGN_STYLE = Automatic;
				DEVELOPMENT_ASSET_PATHS = "\"TheView/Preview Content\"";
				DEVELOPMENT_TEAM = 8VL2VD9YVV;
				ENABLE_PREVIEWS = YES;
				INFOPLIST_FILE = TheView/Info.plist;
				LD_RUNPATH_SEARCH_PATHS = (
					"$(inherited)",
					"@executable_path/Frameworks",
				);
				PRODUCT_BUNDLE_IDENTIFIER = com.test.sample.TheView;
				PRODUCT_NAME = "$(TARGET_NAME)";
				SWIFT_VERSION = 5.0;
				TARGETED_DEVICE_FAMILY = "1,2";
			};
			name = Debug;
		};
		2EDC3CB423DAC2A0003F506C /* Release */ = {
			isa = XCBuildConfiguration;
			buildSettings = {
				ASSETCATALOG_COMPILER_APPICON_NAME = AppIcon;
				CODE_SIGN_STYLE = Automatic;
				DEVELOPMENT_ASSET_PATHS = "\"TheView/Preview Content\"";
				DEVELOPMENT_TEAM = 8VL2VD9YVV;
				ENABLE_PREVIEWS = YES;
				INFOPLIST_FILE = TheView/Info.plist;
				LD_RUNPATH_SEARCH_PATHS = (
					"$(inherited)",
					"@executable_path/Frameworks",
				);
				PRODUCT_BUNDLE_IDENTIFIER = com.test.sample.TheView;
				PRODUCT_NAME = "$(TARGET_NAME)";
				SWIFT_VERSION = 5.0;
				TARGETED_DEVICE_FAMILY = "1,2";
			};
			name = Release;
		};
/* End XCBuildConfiguration section */

/* Begin XCConfigurationList section */
		2EDC3C9923DAC29C003F506C /* Build configuration list for PBXProject "TheView" */ = {
			isa = XCConfigurationList;
			buildConfigurations = (
				2EDC3CB023DAC2A0003F506C /* Debug */,
				2EDC3CB123DAC2A0003F506C /* Release */,
			);
			defaultConfigurationIsVisible = 0;
			defaultConfigurationName = Release;
		};
		2EDC3CB223DAC2A0003F506C /* Build configuration list for PBXNativeTarget "TheView" */ = {
			isa = XCConfigurationList;
			buildConfigurations = (
				2EDC3CB323DAC2A0003F506C /* Debug */,
				2EDC3CB423DAC2A0003F506C /* Release */,
			);
			defaultConfigurationIsVisible = 0;
			defaultConfigurationName = Release;
		};
/* End XCConfigurationList section */
	};
	rootObject = 2EDC3C9623DAC29C003F506C /* Project object */;
}
